
Microsoft Visual Studio Solution File, Format Version 12.00
# Visual Studio 15
VisualStudioVersion = 15.0.28010.2016
MinimumVisualStudioVersion = 10.0.40219.1
Project("{FAE04EC0-301F-11D3-BF4B-00C04F79EFBC}") = "GildedRoseKata", "GildedRoseKata\GildedRoseKata.csproj", "{49AFAD49-4A9C-4779-ABF4-233AAF4F1F01}"
EndProject
Project("{FAE04EC0-301F-11D3-BF4B-00C04F79EFBC}") = "GildedRoseKataTests", "GildedRoseKataTests\GildedRoseKataTests.csproj", "{EA9EEEF6-EE73-4358-9EA7-32A29AC343F9}"
EndProject
Global
	GlobalSection(SolutionConfigurationPlatforms) = preSolution
		Debug|Any CPU = Debug|Any CPU
		Release|Any CPU = Release|Any CPU
	EndGlobalSection
	GlobalSection(ProjectConfigurationPlatforms) = postSolution
		{49AFAD49-4A9C-4779-ABF4-233AAF4F1F01}.Debug|Any CPU.ActiveCfg = Debug|Any CPU
		{49AFAD49-4A9C-4779-ABF4-233AAF4F1F01}.Debug|Any CPU.Build.0 = Debug|Any CPU
		{49AFAD49-4A9C-4779-ABF4-233AAF4F1F01}.Release|Any CPU.ActiveCfg = Release|Any CPU
		{49AFAD49-4A9C-4779-ABF4-233AAF4F1F01}.Release|Any CPU.Build.0 = Release|Any CPU
		{EA9EEEF6-EE73-4358-9EA7-32A29AC343F9}.Debug|Any CPU.ActiveCfg = Debug|Any CPU
		{EA9EEEF6-EE73-4358-9EA7-32A29AC343F9}.Debug|Any CPU.Build.0 = Debug|Any CPU
		{EA9EEEF6-EE73-4358-9EA7-32A29AC343F9}.Release|Any CPU.ActiveCfg = Release|Any CPU
		{EA9EEEF6-EE73-4358-9EA7-32A29AC343F9}.Release|Any CPU.Build.0 = Release|Any CPU
	EndGlobalSection
	GlobalSection(SolutionProperties) = preSolution
		HideSolutionNode = FALSE
	EndGlobalSection
	GlobalSection(ExtensibilityGlobals) = postSolution
		SolutionGuid = {38B0EBF0-3290-402E-A4F2-033B505D146D}
	EndGlobalSection
EndGlobal
